
Microsoft Visual Studio Solution File, Format Version 12.00
# Visual Studio 15
VisualStudioVersion = 15.0.27130.0
MinimumVisualStudioVersion = 10.0.40219.1
Project("{FAE04EC0-301F-11D3-BF4B-00C04F79EFBC}") = "MVC", "MVC\MVC.csproj", "{6503C6B4-E3D9-4BC5-8DF6-B0AFCBDB3069}"
EndProject
Global
	GlobalSection(SolutionConfigurationPlatforms) = preSolution
		Debug|Any CPU = Debug|Any CPU
		Release|Any CPU = Release|Any CPU
	EndGlobalSection
	GlobalSection(ProjectConfigurationPlatforms) = postSolution
		{6503C6B4-E3D9-4BC5-8DF6-B0AFCBDB3069}.Debug|Any CPU.ActiveCfg = Debug|Any CPU
		{6503C6B4-E3D9-4BC5-8DF6-B0AFCBDB3069}.Debug|Any CPU.Build.0 = Debug|Any CPU
		{6503C6B4-E3D9-4BC5-8DF6-B0AFCBDB3069}.Release|Any CPU.ActiveCfg = Release|Any CPU
		{6503C6B4-E3D9-4BC5-8DF6-B0AFCBDB3069}.Release|Any CPU.Build.0 = Release|Any CPU
	EndGlobalSection
	GlobalSection(SolutionProperties) = preSolution
		HideSolutionNode = FALSE
	EndGlobalSection
	GlobalSection(ExtensibilityGlobals) = postSolution
		SolutionGuid = {AF17D572-A07A-4BDF-BDD7-567859F8D67F}
	EndGlobalSection
EndGlobal
